
Microsoft Visual Studio Solution File, Format Version 12.00
# Visual Studio 15
VisualStudioVersion = 15.0.27703.2018
MinimumVisualStudioVersion = 10.0.40219.1
Project("{FAE04EC0-301F-11D3-BF4B-00C04F79EFBC}") = "Demo", "Demo\Demo.csproj", "{A5B0DA1B-0051-48AF-8500-DF3B22EDA023}"
EndProject
Global
	GlobalSection(SolutionConfigurationPlatforms) = preSolution
		Debug|Any CPU = Debug|Any CPU
		Release|Any CPU = Release|Any CPU
	EndGlobalSection
	GlobalSection(ProjectConfigurationPlatforms) = postSolution
		{A5B0DA1B-0051-48AF-8500-DF3B22EDA023}.Debug|Any CPU.ActiveCfg = Debug|Any CPU
		{A5B0DA1B-0051-48AF-8500-DF3B22EDA023}.Debug|Any CPU.Build.0 = Debug|Any CPU
		{A5B0DA1B-0051-48AF-8500-DF3B22EDA023}.Release|Any CPU.ActiveCfg = Release|Any CPU
		{A5B0DA1B-0051-48AF-8500-DF3B22EDA023}.Release|Any CPU.Build.0 = Release|Any CPU
	EndGlobalSection
	GlobalSection(SolutionProperties) = preSolution
		HideSolutionNode = FALSE
	EndGlobalSection
	GlobalSection(ExtensibilityGlobals) = postSolution
		SolutionGuid = {5B224B85-7EC3-4286-9FD8-0C5A996155BA}
	EndGlobalSection
EndGlobal
